<?xml version="1.0" encoding="utf-8"?>
<Project ToolsVersion="4.0" xmlns="http://schemas.microsoft.com/developer/msbuild/2003">
  <ItemGroup>
    <Filter Include="Source">
      <UniqueIdentifier>{c29b72ee-d43a-4d8f-8f7d-b7a8075186f1}</UniqueIdentifier>
    </Filter>
    <Filter Include="Source\Core">
      <UniqueIdentifier>{053283cb-c4b0-4ea6-afed-f16326a69b3e}</UniqueIdentifier>
    </Filter>
    <Filter Include="Source\Core\Game">
      <UniqueIdentifier>{f385df0d-547d-4e6b-9c5c-b5530436e62d}</UniqueIdentifier>
    </Filter>
    <Filter Include="Source\Core\Context">
      <UniqueIdentifier>{28ec3c5f-2819-4d0b-8ddd-565d64ed3392}</UniqueIdentifier>
    </Filter>
    <Filter Include="Source\Components">
      <UniqueIdentifier>{7f03cba7-3f17-4a95-a99d-31c4eb7c5ca5}</UniqueIdentifier>
    </Filter>
    <Filter Include="Source\Base">
      <UniqueIdentifier>{f39e4e94-09c9-4187-a5bb-8f24a88e37b1}</UniqueIdentifier>
    </Filter>
    <Filter Include="Source\Systems">
      <UniqueIdentifier>{cd976422-30b5-45cf-abd4-235ddcc3b985}</UniqueIdentifier>
    </Filter>
    <Filter Include="Source\Entities">
      <UniqueIdentifier>{fda6daa3-1e59-4abb-a45a-ea931b023a8f}</UniqueIdentifier>
    </Filter>
    <Filter Include="Source\Input">
      <UniqueIdentifier>{60701ee7-dca5-4bcd-9d72-6bebe0ecd60a}</UniqueIdentifier>
    </Filter>
    <Filter Include="Source\Assets">
      <UniqueIdentifier>{6070cde1-cc05-4a29-9ef8-61f4d3ff8799}</UniqueIdentifier>
    </Filter>
  </ItemGroup>
  <ItemGroup>
    <ClCompile Include="Game.cpp">
      <Filter>Source\Core\Game</Filter>
    </ClCompile>
    <ClCompile Include="main.cpp" />
    <ClCompile Include="Context.cpp">
      <Filter>Source\Core\Context</Filter>
    </ClCompile>
    <ClCompile Include="PointLight.h">
      <Filter>Source\Entities</Filter>
    </ClCompile>
  </ItemGroup>
  <ItemGroup>
    <ClInclude Include="Game.h">
      <Filter>Source\Core\Game</Filter>
    </ClInclude>
    <ClInclude Include="Context.h">
      <Filter>Source\Core\Context</Filter>
    </ClInclude>
    <ClInclude Include="TransformComponent.h">
      <Filter>Source\Components</Filter>
    </ClInclude>
    <ClInclude Include="Base.h">
      <Filter>Source\Base</Filter>
    </ClInclude>
    <ClInclude Include="ModelComponent.h">
      <Filter>Source\Components</Filter>
    </ClInclude>
    <ClInclude Include="RenderSystem.h">
      <Filter>Source\Systems</Filter>
    </ClInclude>
    <ClInclude Include="PlayerComponent.h">
      <Filter>Source\Components</Filter>
    </ClInclude>
    <ClInclude Include="Player.h">
      <Filter>Source\Entities</Filter>
    </ClInclude>
    <ClInclude Include="Enemy.h">
      <Filter>Source\Entities</Filter>
    </ClInclude>
    <ClInclude Include="ActionComponent.h">
      <Filter>Source\Components</Filter>
    </ClInclude>
    <ClInclude Include="InputStateComponent.h">
      <Filter>Source\Components</Filter>
    </ClInclude>
    <ClInclude Include="GameAction.h">
      <Filter>Source\Input</Filter>
    </ClInclude>
    <ClInclude Include="InputSource.h">
      <Filter>Source\Input</Filter>
    </ClInclude>
    <ClInclude Include="InputMapping.h">
      <Filter>Source\Input</Filter>
    </ClInclude>
    <ClInclude Include="InputSystem.h">
      <Filter>Source\Systems</Filter>
    </ClInclude>
    <ClInclude Include="ActionSystem.h">
      <Filter>Source\Systems</Filter>
    </ClInclude>
    <ClInclude Include="MovementSystem.h">
      <Filter>Source\Systems</Filter>
    </ClInclude>
    <ClInclude Include="CameraSystem.h">
      <Filter>Source\Systems</Filter>
    </ClInclude>
    <ClInclude Include="AssetStore.h">
      <Filter>Source\Assets</Filter>
    </ClInclude>
    <ClInclude Include="AssetManager.h">
      <Filter>Source\Assets</Filter>
    </ClInclude>
    <ClInclude Include="rlights.h">
      <Filter>Source</Filter>
    </ClInclude>
    <ClInclude Include="LightComponent.h">
      <Filter>Source\Components</Filter>
    </ClInclude>
    <ClInclude Include="LightingSystem.h">
      <Filter>Source\Systems</Filter>
    </ClInclude>
  </ItemGroup>
  <ItemGroup>
    <None Include="lighting.vs" />
    <None Include="lighting.fs" />
  </ItemGroup>
</Project>